# THIS IS AN AUTOGENERATED FILE. DO NOT EDIT THIS FILE DIRECTLY.
# yarn lockfile v1


"@nathanvda/cocoon@^1.2.14":
  version "1.2.14"
  resolved "https://registry.yarnpkg.com/@nathanvda/cocoon/-/cocoon-1.2.14.tgz#aaea910e4b9c0d28d5bdcb7f3743617db46b09af"
  integrity sha512-WcEt2vVp50de2i7rkD4O+96O1iMtMIcTBNGPocrHfcmHDujKOngoLHFF8Ektgoh8PjwFAJMxx8WyGv0BtKTjxQ==
  dependencies:
    jquery "^3.3.1"

"@rails/actiontext@^7.0.0":
  version "7.0.0"
  resolved "https://registry.yarnpkg.com/@rails/actiontext/-/actiontext-7.0.0.tgz#a2074b9279e0dc62cb0208f5471a4b913d483cee"
  integrity sha512-GNaSCxAASIZR+XfEYcmrVbGoKfx4IY254oEyDsx4lLFuhk+pUkDXy6D6R1eoBaGSEY0H3SNR9G+Q75j9+wl+zw==
  dependencies:
    "@rails/activestorage" ">= 7.0.0-alpha1"

"@rails/activestorage@>= 7.0.0-alpha1":
  version "7.0.0"
  resolved "https://registry.yarnpkg.com/@rails/activestorage/-/activestorage-7.0.0.tgz#1d4391bae75693bcfa73fc220904b248de3dea06"
  integrity sha512-9tE4P15DMgLhx/ILqvztepvu0YwtAyoYH1k25CrkkWphLNfu3HNbncfRgsJxmd9t8rMhZh8ZDEQchYrjuOL3hg==
  dependencies:
    spark-md5 "^3.0.1"

"cocoon@github:nathanvda/cocoon#c24ba53":
  version "1.2.10"
  resolved "https://codeload.github.com/nathanvda/cocoon/tar.gz/c24ba53b40e688e7d8b7212824139ec7f352a242"

jquery@^3.3.1:
  version "3.6.0"
  resolved "https://registry.yarnpkg.com/jquery/-/jquery-3.6.0.tgz#c72a09f15c1bdce142f49dbf1170bdf8adac2470"
  integrity sha512-JVzAR/AjBvVt2BmYhxRCSYysDsPcssdmTFnzyLEts9qNwmjmu4JTAMYubEfwVOSwpQ1I1sKKFcxhZCI2buerfw==

spark-md5@^3.0.1:
  version "3.0.2"
  resolved "https://registry.yarnpkg.com/spark-md5/-/spark-md5-3.0.2.tgz#7952c4a30784347abcee73268e473b9c0167e3fc"
  integrity sha512-wcFzz9cDfbuqe0FZzfi2or1sgyIrsDwmPwfZC4hiNidPdPINjeUwNfv5kldczoEAcjl9Y1L3SM7Uz2PUEQzxQw==
